
Microsoft Visual Studio Solution File, Format Version 12.00
# Visual Studio Version 17
VisualStudioVersion = 17.14.35821.62
MinimumVisualStudioVersion = 10.0.40219.1
Project("{FAE04EC0-301F-11D3-BF4B-00C04F79EFBC}") = "WinFormsApp1", "WinFormsApp1\WinFormsApp1.csproj", "{FC5342B3-D8D7-4032-A769-16EED0254FAA}"
EndProject
Global
	GlobalSection(SolutionConfigurationPlatforms) = preSolution
		Debug|Any CPU = Debug|Any CPU
		Release|Any CPU = Release|Any CPU
	EndGlobalSection
	GlobalSection(ProjectConfigurationPlatforms) = postSolution
		{FC5342B3-D8D7-4032-A769-16EED0254FAA}.Debug|Any CPU.ActiveCfg = Debug|Any CPU
		{FC5342B3-D8D7-4032-A769-16EED0254FAA}.Debug|Any CPU.Build.0 = Debug|Any CPU
		{FC5342B3-D8D7-4032-A769-16EED0254FAA}.Release|Any CPU.ActiveCfg = Release|Any CPU
		{FC5342B3-D8D7-4032-A769-16EED0254FAA}.Release|Any CPU.Build.0 = Release|Any CPU
	EndGlobalSection
	GlobalSection(SolutionProperties) = preSolution
		HideSolutionNode = FALSE
	EndGlobalSection
	GlobalSection(ExtensibilityGlobals) = postSolution
		SolutionGuid = {E449793C-F531-45E8-B705-7E3D6365A96B}
	EndGlobalSection
EndGlobal
